
Microsoft Visual Studio Solution File, Format Version 12.00
# Visual Studio Version 17
VisualStudioVersion = 17.5.33424.131
MinimumVisualStudioVersion = 10.0.40219.1
Project("{9A19103F-16F7-4668-BE54-9A1E7A4F7556}") = "CoursePilotWebApp", "CoursePilotWebApp.csproj", "{F79FD67A-58F9-4044-A0FC-C08ED3592AFC}"
EndProject
Project("{FAE04EC0-301F-11D3-BF4B-00C04F79EFBC}") = "ModuleManagerCL", "..\ModuleManagerCL\ModuleManagerCL.csproj", "{B909F6EB-8CF9-43A9-9C97-B25D885C802C}"
EndProject
Global
	GlobalSection(SolutionConfigurationPlatforms) = preSolution
		Debug|Any CPU = Debug|Any CPU
		Release|Any CPU = Release|Any CPU
	EndGlobalSection
	GlobalSection(ProjectConfigurationPlatforms) = postSolution
		{F79FD67A-58F9-4044-A0FC-C08ED3592AFC}.Debug|Any CPU.ActiveCfg = Debug|Any CPU
		{F79FD67A-58F9-4044-A0FC-C08ED3592AFC}.Debug|Any CPU.Build.0 = Debug|Any CPU
		{F79FD67A-58F9-4044-A0FC-C08ED3592AFC}.Release|Any CPU.ActiveCfg = Release|Any CPU
		{F79FD67A-58F9-4044-A0FC-C08ED3592AFC}.Release|Any CPU.Build.0 = Release|Any CPU
		{B909F6EB-8CF9-43A9-9C97-B25D885C802C}.Debug|Any CPU.ActiveCfg = Debug|Any CPU
		{B909F6EB-8CF9-43A9-9C97-B25D885C802C}.Debug|Any CPU.Build.0 = Debug|Any CPU
		{B909F6EB-8CF9-43A9-9C97-B25D885C802C}.Release|Any CPU.ActiveCfg = Release|Any CPU
		{B909F6EB-8CF9-43A9-9C97-B25D885C802C}.Release|Any CPU.Build.0 = Release|Any CPU
	EndGlobalSection
	GlobalSection(SolutionProperties) = preSolution
		HideSolutionNode = FALSE
	EndGlobalSection
	GlobalSection(ExtensibilityGlobals) = postSolution
		SolutionGuid = {6A63FBDB-6119-4F8B-BC4A-E3998AEF3B49}
	EndGlobalSection
EndGlobal
